// !$*UTF8*$!
{
	archiveVersion = 1;
	classes = {
	};
	objectVersion = 55;
	objects = {

/* Begin PBXBuildFile section */
		5B704D6827A38707005FD29A /* OpalImagePickerRootViewController.swift in Sources */ = {isa = PBXBuildFile; fileRef = 5B704D5B27A38707005FD29A /* OpalImagePickerRootViewController.swift */; };
		5B704D6927A38707005FD29A /* Bundle+Helper.swift in Sources */ = {isa = PBXBuildFile; fileRef = 5B704D5C27A38707005FD29A /* Bundle+Helper.swift */; };
		5B704D6A27A38707005FD29A /* OpalImagePickerController.swift in Sources */ = {isa = PBXBuildFile; fileRef = 5B704D5D27A38707005FD29A /* OpalImagePickerController.swift */; };
		5B704D6B27A38707005FD29A /* OpalImagePickerConfiguration.swift in Sources */ = {isa = PBXBuildFile; fileRef = 5B704D5E27A38707005FD29A /* OpalImagePickerConfiguration.swift */; };
		5B704D6C27A38707005FD29A /* UIView+Helper.swift in Sources */ = {isa = PBXBuildFile; fileRef = 5B704D5F27A38707005FD29A /* UIView+Helper.swift */; };
		5B704D6D27A38707005FD29A /* ImagePickerCollectionViewCell.swift in Sources */ = {isa = PBXBuildFile; fileRef = 5B704D6027A38707005FD29A /* ImagePickerCollectionViewCell.swift */; };
		5B704D6E27A38707005FD29A /* UIViewController+OpalImagePicker.swift in Sources */ = {isa = PBXBuildFile; fileRef = 5B704D6127A38707005FD29A /* UIViewController+OpalImagePicker.swift */; };
		5B704D6F27A38707005FD29A /* TimeInterval+String.swift in Sources */ = {isa = PBXBuildFile; fileRef = 5B704D6227A38707005FD29A /* TimeInterval+String.swift */; };
		5B704D7027A38707005FD29A /* OpalImagePickerCollectionViewLayout.swift in Sources */ = {isa = PBXBuildFile; fileRef = 5B704D6327A38707005FD29A /* OpalImagePickerCollectionViewLayout.swift */; };
		5B704D7127A38707005FD29A /* DirectoryManager.swift in Sources */ = {isa = PBXBuildFile; fileRef = 5B704D6527A38707005FD29A /* DirectoryManager.swift */; };
		5B704D7227A38707005FD29A /* CoreDtaManager.swift in Sources */ = {isa = PBXBuildFile; fileRef = 5B704D6627A38707005FD29A /* CoreDtaManager.swift */; };
		5B704D7327A38707005FD29A /* AKAudioRecorder.swift in Sources */ = {isa = PBXBuildFile; fileRef = 5B704D6727A38707005FD29A /* AKAudioRecorder.swift */; };
		5B704D8227A3871B005FD29A /* TasksViewController.swift in Sources */ = {isa = PBXBuildFile; fileRef = 5B704D7527A3871B005FD29A /* TasksViewController.swift */; };
		5B704D8327A3871B005FD29A /* TaskDetailViewController.swift in Sources */ = {isa = PBXBuildFile; fileRef = 5B704D7627A3871B005FD29A /* TaskDetailViewController.swift */; };
		5B704D8427A3871B005FD29A /* PhotoCollectionViewCell.swift in Sources */ = {isa = PBXBuildFile; fileRef = 5B704D7827A3871B005FD29A /* PhotoCollectionViewCell.swift */; };
		5B704D8527A3871B005FD29A /* TaskTableViewCell.swift in Sources */ = {isa = PBXBuildFile; fileRef = 5B704D7927A3871B005FD29A /* TaskTableViewCell.swift */; };
		5B704D8627A3871B005FD29A /* BaseViewController.swift in Sources */ = {isa = PBXBuildFile; fileRef = 5B704D7A27A3871B005FD29A /* BaseViewController.swift */; };
		5B704D8727A3871B005FD29A /* SubTasksViewController.swift in Sources */ = {isa = PBXBuildFile; fileRef = 5B704D7B27A3871B005FD29A /* SubTasksViewController.swift */; };
		5B704D8827A3871B005FD29A /* RecordAudioViewController.swift in Sources */ = {isa = PBXBuildFile; fileRef = 5B704D7C27A3871B005FD29A /* RecordAudioViewController.swift */; };
		5B704D8927A3871B005FD29A /* AddSubTaskViewController.swift in Sources */ = {isa = PBXBuildFile; fileRef = 5B704D7D27A3871B005FD29A /* AddSubTaskViewController.swift */; };
		5B704D8A27A3871B005FD29A /* Main.storyboard in Resources */ = {isa = PBXBuildFile; fileRef = 5B704D7E27A3871B005FD29A /* Main.storyboard */; };
		5B704D8B27A3871B005FD29A /* CategoriesListViewController.swift in Sources */ = {isa = PBXBuildFile; fileRef = 5B704D8027A3871B005FD29A /* CategoriesListViewController.swift */; };
		5B704D8C27A3871B005FD29A /* AddTaskViewController.swift in Sources */ = {isa = PBXBuildFile; fileRef = 5B704D8127A3871B005FD29A /* AddTaskViewController.swift */; };
		5B704D9527A38724005FD29A /* AddSubTaskViewModel.swift in Sources */ = {isa = PBXBuildFile; fileRef = 5B704D8E27A38724005FD29A /* AddSubTaskViewModel.swift */; };
		5B704D9627A38724005FD29A /* TaskDetailViewModel.swift in Sources */ = {isa = PBXBuildFile; fileRef = 5B704D8F27A38724005FD29A /* TaskDetailViewModel.swift */; };
		5B704D9727A38724005FD29A /* TasksViewModel.swift in Sources */ = {isa = PBXBuildFile; fileRef = 5B704D9027A38724005FD29A /* TasksViewModel.swift */; };
		5B704D9827A38724005FD29A /* AddTaskViewModel.swift in Sources */ = {isa = PBXBuildFile; fileRef = 5B704D9127A38724005FD29A /* AddTaskViewModel.swift */; };
		5B704D9927A38724005FD29A /* Observable.swift in Sources */ = {isa = PBXBuildFile; fileRef = 5B704D9227A38724005FD29A /* Observable.swift */; };
		5B704D9A27A38724005FD29A /* CategoriesListViewModel.swift in Sources */ = {isa = PBXBuildFile; fileRef = 5B704D9327A38724005FD29A /* CategoriesListViewModel.swift */; };
		5B704D9B27A38724005FD29A /* SubTasksViewModel.swift in Sources */ = {isa = PBXBuildFile; fileRef = 5B704D9427A38724005FD29A /* SubTasksViewModel.swift */; };
		5B704D9E27A387C3005FD29A /* majorProject_Invincibles_ios.xcdatamodeld in Sources */ = {isa = PBXBuildFile; fileRef = 5B704D9C27A387C3005FD29A /* majorProject_Invincibles_ios.xcdatamodeld */; };
		5BA3AB44279A24E5002958CA /* AppDelegate.swift in Sources */ = {isa = PBXBuildFile; fileRef = 5BA3AB43279A24E5002958CA /* AppDelegate.swift */; };
		5BA3AB46279A24E5002958CA /* SceneDelegate.swift in Sources */ = {isa = PBXBuildFile; fileRef = 5BA3AB45279A24E5002958CA /* SceneDelegate.swift */; };
		5BA3AB48279A24E5002958CA /* ViewController.swift in Sources */ = {isa = PBXBuildFile; fileRef = 5BA3AB47279A24E5002958CA /* ViewController.swift */; };
		5BA3AB50279A24E5002958CA /* Assets.xcassets in Resources */ = {isa = PBXBuildFile; fileRef = 5BA3AB4F279A24E5002958CA /* Assets.xcassets */; };
		5BA3AB53279A24E5002958CA /* LaunchScreen.storyboard in Resources */ = {isa = PBXBuildFile; fileRef = 5BA3AB51279A24E5002958CA /* LaunchScreen.storyboard */; };
/* End PBXBuildFile section */

/* Begin PBXFileReference section */
		5B704D5B27A38707005FD29A /* OpalImagePickerRootViewController.swift */ = {isa = PBXFileReference; fileEncoding = 4; lastKnownFileType = sourcecode.swift; path = OpalImagePickerRootViewController.swift; sourceTree = "<group>"; };
		5B704D5C27A38707005FD29A /* Bundle+Helper.swift */ = {isa = PBXFileReference; fileEncoding = 4; lastKnownFileType = sourcecode.swift; path = "Bundle+Helper.swift"; sourceTree = "<group>"; };
		5B704D5D27A38707005FD29A /* OpalImagePickerController.swift */ = {isa = PBXFileReference; fileEncoding = 4; lastKnownFileType = sourcecode.swift; path = OpalImagePickerController.swift; sourceTree = "<group>"; };
		5B704D5E27A38707005FD29A /* OpalImagePickerConfiguration.swift */ = {isa = PBXFileReference; fileEncoding = 4; lastKnownFileType = sourcecode.swift; path = OpalImagePickerConfiguration.swift; sourceTree = "<group>"; };
		5B704D5F27A38707005FD29A /* UIView+Helper.swift */ = {isa = PBXFileReference; fileEncoding = 4; lastKnownFileType = sourcecode.swift; path = "UIView+Helper.swift"; sourceTree = "<group>"; };
		5B704D6027A38707005FD29A /* ImagePickerCollectionViewCell.swift */ = {isa = PBXFileReference; fileEncoding = 4; lastKnownFileType = sourcecode.swift; path = ImagePickerCollectionViewCell.swift; sourceTree = "<group>"; };
		5B704D6127A38707005FD29A /* UIViewController+OpalImagePicker.swift */ = {isa = PBXFileReference; fileEncoding = 4; lastKnownFileType = sourcecode.swift; path = "UIViewController+OpalImagePicker.swift"; sourceTree = "<group>"; };
		5B704D6227A38707005FD29A /* TimeInterval+String.swift */ = {isa = PBXFileReference; fileEncoding = 4; lastKnownFileType = sourcecode.swift; path = "TimeInterval+String.swift"; sourceTree = "<group>"; };
		5B704D6327A38707005FD29A /* OpalImagePickerCollectionViewLayout.swift */ = {isa = PBXFileReference; fileEncoding = 4; lastKnownFileType = sourcecode.swift; path = OpalImagePickerCollectionViewLayout.swift; sourceTree = "<group>"; };
		5B704D6527A38707005FD29A /* DirectoryManager.swift */ = {isa = PBXFileReference; fileEncoding = 4; lastKnownFileType = sourcecode.swift; path = DirectoryManager.swift; sourceTree = "<group>"; };
		5B704D6627A38707005FD29A /* CoreDtaManager.swift */ = {isa = PBXFileReference; fileEncoding = 4; lastKnownFileType = sourcecode.swift; path = CoreDtaManager.swift; sourceTree = "<group>"; };
		5B704D6727A38707005FD29A /* AKAudioRecorder.swift */ = {isa = PBXFileReference; fileEncoding = 4; lastKnownFileType = sourcecode.swift; path = AKAudioRecorder.swift; sourceTree = "<group>"; };
		5B704D7527A3871B005FD29A /* TasksViewController.swift */ = {isa = PBXFileReference; fileEncoding = 4; lastKnownFileType = sourcecode.swift; path = TasksViewController.swift; sourceTree = "<group>"; };
		5B704D7627A3871B005FD29A /* TaskDetailViewController.swift */ = {isa = PBXFileReference; fileEncoding = 4; lastKnownFileType = sourcecode.swift; path = TaskDetailViewController.swift; sourceTree = "<group>"; };
		5B704D7827A3871B005FD29A /* PhotoCollectionViewCell.swift */ = {isa = PBXFileReference; fileEncoding = 4; lastKnownFileType = sourcecode.swift; path = PhotoCollectionViewCell.swift; sourceTree = "<group>"; };
		5B704D7927A3871B005FD29A /* TaskTableViewCell.swift */ = {isa = PBXFileReference; fileEncoding = 4; lastKnownFileType = sourcecode.swift; path = TaskTableViewCell.swift; sourceTree = "<group>"; };
		5B704D7A27A3871B005FD29A /* BaseViewController.swift */ = {isa = PBXFileReference; fileEncoding = 4; lastKnownFileType = sourcecode.swift; path = BaseViewController.swift; sourceTree = "<group>"; };
		5B704D7B27A3871B005FD29A /* SubTasksViewController.swift */ = {isa = PBXFileReference; fileEncoding = 4; lastKnownFileType = sourcecode.swift; path = SubTasksViewController.swift; sourceTree = "<group>"; };
		5B704D7C27A3871B005FD29A /* RecordAudioViewController.swift */ = {isa = PBXFileReference; fileEncoding = 4; lastKnownFileType = sourcecode.swift; path = RecordAudioViewController.swift; sourceTree = "<group>"; };
		5B704D7D27A3871B005FD29A /* AddSubTaskViewController.swift */ = {isa = PBXFileReference; fileEncoding = 4; lastKnownFileType = sourcecode.swift; path = AddSubTaskViewController.swift; sourceTree = "<group>"; };
		5B704D7F27A3871B005FD29A /* Base */ = {isa = PBXFileReference; lastKnownFileType = file.storyboard; name = Base; path = Base.lproj/Main.storyboard; sourceTree = "<group>"; };
		5B704D8027A3871B005FD29A /* CategoriesListViewController.swift */ = {isa = PBXFileReference; fileEncoding = 4; lastKnownFileType = sourcecode.swift; path = CategoriesListViewController.swift; sourceTree = "<group>"; };
		5B704D8127A3871B005FD29A /* AddTaskViewController.swift */ = {isa = PBXFileReference; fileEncoding = 4; lastKnownFileType = sourcecode.swift; path = AddTaskViewController.swift; sourceTree = "<group>"; };
		5B704D8E27A38724005FD29A /* AddSubTaskViewModel.swift */ = {isa = PBXFileReference; fileEncoding = 4; lastKnownFileType = sourcecode.swift; path = AddSubTaskViewModel.swift; sourceTree = "<group>"; };
		5B704D8F27A38724005FD29A /* TaskDetailViewModel.swift */ = {isa = PBXFileReference; fileEncoding = 4; lastKnownFileType = sourcecode.swift; path = TaskDetailViewModel.swift; sourceTree = "<group>"; };
		5B704D9027A38724005FD29A /* TasksViewModel.swift */ = {isa = PBXFileReference; fileEncoding = 4; lastKnownFileType = sourcecode.swift; path = TasksViewModel.swift; sourceTree = "<group>"; };
		5B704D9127A38724005FD29A /* AddTaskViewModel.swift */ = {isa = PBXFileReference; fileEncoding = 4; lastKnownFileType = sourcecode.swift; path = AddTaskViewModel.swift; sourceTree = "<group>"; };
		5B704D9227A38724005FD29A /* Observable.swift */ = {isa = PBXFileReference; fileEncoding = 4; lastKnownFileType = sourcecode.swift; path = Observable.swift; sourceTree = "<group>"; };
		5B704D9327A38724005FD29A /* CategoriesListViewModel.swift */ = {isa = PBXFileReference; fileEncoding = 4; lastKnownFileType = sourcecode.swift; path = CategoriesListViewModel.swift; sourceTree = "<group>"; };
		5B704D9427A38724005FD29A /* SubTasksViewModel.swift */ = {isa = PBXFileReference; fileEncoding = 4; lastKnownFileType = sourcecode.swift; path = SubTasksViewModel.swift; sourceTree = "<group>"; };
		5B704D9D27A387C3005FD29A /* majorProject_Invincibles_ios.xcdatamodel */ = {isa = PBXFileReference; lastKnownFileType = wrapper.xcdatamodel; path = majorProject_Invincibles_ios.xcdatamodel; sourceTree = "<group>"; };
		5BA3AB40279A24E5002958CA /* majorProject_Invincibles_ios.app */ = {isa = PBXFileReference; explicitFileType = wrapper.application; includeInIndex = 0; path = majorProject_Invincibles_ios.app; sourceTree = BUILT_PRODUCTS_DIR; };
		5BA3AB43279A24E5002958CA /* AppDelegate.swift */ = {isa = PBXFileReference; lastKnownFileType = sourcecode.swift; path = AppDelegate.swift; sourceTree = "<group>"; };
		5BA3AB45279A24E5002958CA /* SceneDelegate.swift */ = {isa = PBXFileReference; lastKnownFileType = sourcecode.swift; path = SceneDelegate.swift; sourceTree = "<group>"; };
		5BA3AB47279A24E5002958CA /* ViewController.swift */ = {isa = PBXFileReference; lastKnownFileType = sourcecode.swift; path = ViewController.swift; sourceTree = "<group>"; };
		5BA3AB4F279A24E5002958CA /* Assets.xcassets */ = {isa = PBXFileReference; lastKnownFileType = folder.assetcatalog; path = Assets.xcassets; sourceTree = "<group>"; };
		5BA3AB52279A24E5002958CA /* Base */ = {isa = PBXFileReference; lastKnownFileType = file.storyboard; name = Base; path = Base.lproj/LaunchScreen.storyboard; sourceTree = "<group>"; };
		5BA3AB54279A24E5002958CA /* Info.plist */ = {isa = PBXFileReference; lastKnownFileType = text.plist.xml; path = Info.plist; sourceTree = "<group>"; };
/* End PBXFileReference section */

/* Begin PBXFrameworksBuildPhase section */
		5BA3AB3D279A24E5002958CA /* Frameworks */ = {
			isa = PBXFrameworksBuildPhase;
			buildActionMask = 2147483647;
			files = (
			);
			runOnlyForDeploymentPostprocessing = 0;
		};
/* End PBXFrameworksBuildPhase section */

/* Begin PBXGroup section */
		5B704D5827A38707005FD29A /* Utils */ = {
			isa = PBXGroup;
			children = (
				5B704D5927A38707005FD29A /* OpalImagePicker */,
				5B704D6527A38707005FD29A /* DirectoryManager.swift */,
				5B704D6627A38707005FD29A /* CoreDtaManager.swift */,
				5B704D6727A38707005FD29A /* AKAudioRecorder.swift */,
				5B704D7427A3871B005FD29A /* View */,
			);
			name = Utils;
			path = ../../../Downloads/TaskManager/TaskManager/Utils;
			sourceTree = "<group>";
		};
		5B704D5927A38707005FD29A /* OpalImagePicker */ = {
			isa = PBXGroup;
			children = (
				5B704D5A27A38707005FD29A /* Source */,
				5B704D6427A38707005FD29A /* SupportingFiles */,
			);
			path = OpalImagePicker;
			sourceTree = "<group>";
		};
		5B704D5A27A38707005FD29A /* Source */ = {
			isa = PBXGroup;
			children = (
				5B704D5B27A38707005FD29A /* OpalImagePickerRootViewController.swift */,
				5B704D5C27A38707005FD29A /* Bundle+Helper.swift */,
				5B704D5D27A38707005FD29A /* OpalImagePickerController.swift */,
				5B704D5E27A38707005FD29A /* OpalImagePickerConfiguration.swift */,
				5B704D5F27A38707005FD29A /* UIView+Helper.swift */,
				5B704D6027A38707005FD29A /* ImagePickerCollectionViewCell.swift */,
				5B704D6127A38707005FD29A /* UIViewController+OpalImagePicker.swift */,
				5B704D6227A38707005FD29A /* TimeInterval+String.swift */,
				5B704D6327A38707005FD29A /* OpalImagePickerCollectionViewLayout.swift */,
			);
			path = Source;
			sourceTree = "<group>";
		};
		5B704D6427A38707005FD29A /* SupportingFiles */ = {
			isa = PBXGroup;
			children = (
			);
			path = SupportingFiles;
			sourceTree = "<group>";
		};
		5B704D7427A3871B005FD29A /* View */ = {
			isa = PBXGroup;
			children = (
				5B704D8D27A38724005FD29A /* ViewModel */,
				5B704D7527A3871B005FD29A /* TasksViewController.swift */,
				5B704D7627A3871B005FD29A /* TaskDetailViewController.swift */,
				5B704D7727A3871B005FD29A /* Cells */,
				5B704D7A27A3871B005FD29A /* BaseViewController.swift */,
				5B704D7B27A3871B005FD29A /* SubTasksViewController.swift */,
				5B704D7C27A3871B005FD29A /* RecordAudioViewController.swift */,
				5B704D7D27A3871B005FD29A /* AddSubTaskViewController.swift */,
				5B704D7E27A3871B005FD29A /* Main.storyboard */,
				5B704D8027A3871B005FD29A /* CategoriesListViewController.swift */,
				5B704D8127A3871B005FD29A /* AddTaskViewController.swift */,
			);
			name = View;
			path = ../View;
			sourceTree = "<group>";
		};
		5B704D7727A3871B005FD29A /* Cells */ = {
			isa = PBXGroup;
			children = (
				5B704D7827A3871B005FD29A /* PhotoCollectionViewCell.swift */,
				5B704D7927A3871B005FD29A /* TaskTableViewCell.swift */,
			);
			path = Cells;
			sourceTree = "<group>";
		};
		5B704D8D27A38724005FD29A /* ViewModel */ = {
			isa = PBXGroup;
			children = (
				5B704D8E27A38724005FD29A /* AddSubTaskViewModel.swift */,
				5B704D8F27A38724005FD29A /* TaskDetailViewModel.swift */,
				5B704D9027A38724005FD29A /* TasksViewModel.swift */,
				5B704D9127A38724005FD29A /* AddTaskViewModel.swift */,
				5B704D9227A38724005FD29A /* Observable.swift */,
				5B704D9327A38724005FD29A /* CategoriesListViewModel.swift */,
				5B704D9427A38724005FD29A /* SubTasksViewModel.swift */,
			);
			name = ViewModel;
			path = ../ViewModel;
			sourceTree = "<group>";
		};
		5BA3AB37279A24E5002958CA = {
			isa = PBXGroup;
			children = (
				5B704D9C27A387C3005FD29A /* majorProject_Invincibles_ios.xcdatamodeld */,
				5BA3AB42279A24E5002958CA /* majorProject_Invincibles_ios */,
				5BA3AB41279A24E5002958CA /* Products */,
			);
			sourceTree = "<group>";
		};
		5BA3AB41279A24E5002958CA /* Products */ = {
			isa = PBXGroup;
			children = (
				5BA3AB40279A24E5002958CA /* majorProject_Invincibles_ios.app */,
			);
			name = Products;
			sourceTree = "<group>";
		};
		5BA3AB42279A24E5002958CA /* majorProject_Invincibles_ios */ = {
			isa = PBXGroup;
			children = (
				5B704D5827A38707005FD29A /* Utils */,
				5BA3AB43279A24E5002958CA /* AppDelegate.swift */,
				5BA3AB45279A24E5002958CA /* SceneDelegate.swift */,
				5BA3AB47279A24E5002958CA /* ViewController.swift */,
				5BA3AB4F279A24E5002958CA /* Assets.xcassets */,
				5BA3AB51279A24E5002958CA /* LaunchScreen.storyboard */,
				5BA3AB54279A24E5002958CA /* Info.plist */,
			);
			path = majorProject_Invincibles_ios;
			sourceTree = "<group>";
		};
/* End PBXGroup section */

/* Begin PBXNativeTarget section */
		5BA3AB3F279A24E5002958CA /* majorProject_Invincibles_ios */ = {
			isa = PBXNativeTarget;
			buildConfigurationList = 5BA3AB57279A24E5002958CA /* Build configuration list for PBXNativeTarget "majorProject_Invincibles_ios" */;
			buildPhases = (
				5BA3AB3C279A24E5002958CA /* Sources */,
				5BA3AB3D279A24E5002958CA /* Frameworks */,
				5BA3AB3E279A24E5002958CA /* Resources */,
			);
			buildRules = (
			);
			dependencies = (
			);
			name = majorProject_Invincibles_ios;
			productName = majorProject_Invincibles_ios;
			productReference = 5BA3AB40279A24E5002958CA /* majorProject_Invincibles_ios.app */;
			productType = "com.apple.product-type.application";
		};
/* End PBXNativeTarget section */

/* Begin PBXProject section */
		5BA3AB38279A24E5002958CA /* Project object */ = {
			isa = PBXProject;
			attributes = {
				BuildIndependentTargetsInParallel = 1;
				LastSwiftUpdateCheck = 1320;
				LastUpgradeCheck = 1320;
				TargetAttributes = {
					5BA3AB3F279A24E5002958CA = {
						CreatedOnToolsVersion = 13.2.1;
					};
				};
			};
			buildConfigurationList = 5BA3AB3B279A24E5002958CA /* Build configuration list for PBXProject "majorProject_Invincibles_ios" */;
			compatibilityVersion = "Xcode 13.0";
			developmentRegion = en;
			hasScannedForEncodings = 0;
			knownRegions = (
				en,
				Base,
			);
			mainGroup = 5BA3AB37279A24E5002958CA;
			productRefGroup = 5BA3AB41279A24E5002958CA /* Products */;
			projectDirPath = "";
			projectRoot = "";
			targets = (
				5BA3AB3F279A24E5002958CA /* majorProject_Invincibles_ios */,
			);
		};
/* End PBXProject section */

/* Begin PBXResourcesBuildPhase section */
		5BA3AB3E279A24E5002958CA /* Resources */ = {
			isa = PBXResourcesBuildPhase;
			buildActionMask = 2147483647;
			files = (
				5BA3AB53279A24E5002958CA /* LaunchScreen.storyboard in Resources */,
				5BA3AB50279A24E5002958CA /* Assets.xcassets in Resources */,
				5B704D8A27A3871B005FD29A /* Main.storyboard in Resources */,
			);
			runOnlyForDeploymentPostprocessing = 0;
		};
/* End PBXResourcesBuildPhase section */

/* Begin PBXSourcesBuildPhase section */
		5BA3AB3C279A24E5002958CA /* Sources */ = {
			isa = PBXSourcesBuildPhase;
			buildActionMask = 2147483647;
			files = (
				5BA3AB48279A24E5002958CA /* ViewController.swift in Sources */,
				5B704D8927A3871B005FD29A /* AddSubTaskViewController.swift in Sources */,
				5B704D7127A38707005FD29A /* DirectoryManager.swift in Sources */,
				5B704D9E27A387C3005FD29A /* majorProject_Invincibles_ios.xcdatamodeld in Sources */,
				5B704D6B27A38707005FD29A /* OpalImagePickerConfiguration.swift in Sources */,
				5B704D9527A38724005FD29A /* AddSubTaskViewModel.swift in Sources */,
				5B704D8C27A3871B005FD29A /* AddTaskViewController.swift in Sources */,
				5B704D8327A3871B005FD29A /* TaskDetailViewController.swift in Sources */,
				5B704D6C27A38707005FD29A /* UIView+Helper.swift in Sources */,
				5B704D9627A38724005FD29A /* TaskDetailViewModel.swift in Sources */,
				5B704D9727A38724005FD29A /* TasksViewModel.swift in Sources */,
				5B704D8627A3871B005FD29A /* BaseViewController.swift in Sources */,
				5B704D9827A38724005FD29A /* AddTaskViewModel.swift in Sources */,
				5B704D8427A3871B005FD29A /* PhotoCollectionViewCell.swift in Sources */,
				5BA3AB44279A24E5002958CA /* AppDelegate.swift in Sources */,
				5B704D9B27A38724005FD29A /* SubTasksViewModel.swift in Sources */,
				5B704D6827A38707005FD29A /* OpalImagePickerRootViewController.swift in Sources */,
				5B704D8727A3871B005FD29A /* SubTasksViewController.swift in Sources */,
				5B704D9927A38724005FD29A /* Observable.swift in Sources */,
				5B704D7227A38707005FD29A /* CoreDtaManager.swift in Sources */,
				5B704D6F27A38707005FD29A /* TimeInterval+String.swift in Sources */,
				5B704D6A27A38707005FD29A /* OpalImagePickerController.swift in Sources */,
				5B704D9A27A38724005FD29A /* CategoriesListViewModel.swift in Sources */,
				5B704D8527A3871B005FD29A /* TaskTableViewCell.swift in Sources */,
				5B704D8227A3871B005FD29A /* TasksViewController.swift in Sources */,
				5B704D7327A38707005FD29A /* AKAudioRecorder.swift in Sources */,
				5B704D6D27A38707005FD29A /* ImagePickerCollectionViewCell.swift in Sources */,
				5B704D6927A38707005FD29A /* Bundle+Helper.swift in Sources */,
				5B704D8827A3871B005FD29A /* RecordAudioViewController.swift in Sources */,
				5B704D6E27A38707005FD29A /* UIViewController+OpalImagePicker.swift in Sources */,
				5B704D7027A38707005FD29A /* OpalImagePickerCollectionViewLayout.swift in Sources */,
				5B704D8B27A3871B005FD29A /* CategoriesListViewController.swift in Sources */,
				5BA3AB46279A24E5002958CA /* SceneDelegate.swift in Sources */,
			);
			runOnlyForDeploymentPostprocessing = 0;
		};
/* End PBXSourcesBuildPhase section */

/* Begin PBXVariantGroup section */
		5B704D7E27A3871B005FD29A /* Main.storyboard */ = {
			isa = PBXVariantGroup;
			children = (
				5B704D7F27A3871B005FD29A /* Base */,
			);
			name = Main.storyboard;
			sourceTree = "<group>";
		};
		5BA3AB51279A24E5002958CA /* LaunchScreen.storyboard */ = {
			isa = PBXVariantGroup;
			children = (
				5BA3AB52279A24E5002958CA /* Base */,
			);
			name = LaunchScreen.storyboard;
			sourceTree = "<group>";
		};
/* End PBXVariantGroup section */

/* Begin XCBuildConfiguration section */
		5BA3AB55279A24E5002958CA /* Debug */ = {
			isa = XCBuildConfiguration;
			buildSettings = {
				ALWAYS_SEARCH_USER_PATHS = NO;
				CLANG_ANALYZER_NONNULL = YES;
				CLANG_ANALYZER_NUMBER_OBJECT_CONVERSION = YES_AGGRESSIVE;
				CLANG_CXX_LANGUAGE_STANDARD = "gnu++17";
				CLANG_CXX_LIBRARY = "libc++";
				CLANG_ENABLE_MODULES = YES;
				CLANG_ENABLE_OBJC_ARC = YES;
				CLANG_ENABLE_OBJC_WEAK = YES;
				CLANG_WARN_BLOCK_CAPTURE_AUTORELEASING = YES;
				CLANG_WARN_BOOL_CONVERSION = YES;
				CLANG_WARN_COMMA = YES;
				CLANG_WARN_CONSTANT_CONVERSION = YES;
				CLANG_WARN_DEPRECATED_OBJC_IMPLEMENTATIONS = YES;
				CLANG_WARN_DIRECT_OBJC_ISA_USAGE = YES_ERROR;
				CLANG_WARN_DOCUMENTATION_COMMENTS = YES;
				CLANG_WARN_EMPTY_BODY = YES;
				CLANG_WARN_ENUM_CONVERSION = YES;
				CLANG_WARN_INFINITE_RECURSION = YES;
				CLANG_WARN_INT_CONVERSION = YES;
				CLANG_WARN_NON_LITERAL_NULL_CONVERSION = YES;
				CLANG_WARN_OBJC_IMPLICIT_RETAIN_SELF = YES;
				CLANG_WARN_OBJC_LITERAL_CONVERSION = YES;
				CLANG_WARN_OBJC_ROOT_CLASS = YES_ERROR;
				CLANG_WARN_QUOTED_INCLUDE_IN_FRAMEWORK_HEADER = YES;
				CLANG_WARN_RANGE_LOOP_ANALYSIS = YES;
				CLANG_WARN_STRICT_PROTOTYPES = YES;
				CLANG_WARN_SUSPICIOUS_MOVE = YES;
				CLANG_WARN_UNGUARDED_AVAILABILITY = YES_AGGRESSIVE;
				CLANG_WARN_UNREACHABLE_CODE = YES;
				CLANG_WARN__DUPLICATE_METHOD_MATCH = YES;
				COPY_PHASE_STRIP = NO;
				DEBUG_INFORMATION_FORMAT = dwarf;
				ENABLE_STRICT_OBJC_MSGSEND = YES;
				ENABLE_TESTABILITY = YES;
				GCC_C_LANGUAGE_STANDARD = gnu11;
				GCC_DYNAMIC_NO_PIC = NO;
				GCC_NO_COMMON_BLOCKS = YES;
				GCC_OPTIMIZATION_LEVEL = 0;
				GCC_PREPROCESSOR_DEFINITIONS = (
					"DEBUG=1",
					"$(inherited)",
				);
				GCC_WARN_64_TO_32_BIT_CONVERSION = YES;
				GCC_WARN_ABOUT_RETURN_TYPE = YES_ERROR;
				GCC_WARN_UNDECLARED_SELECTOR = YES;
				GCC_WARN_UNINITIALIZED_AUTOS = YES_AGGRESSIVE;
				GCC_WARN_UNUSED_FUNCTION = YES;
				GCC_WARN_UNUSED_VARIABLE = YES;
				IPHONEOS_DEPLOYMENT_TARGET = 15.2;
				MTL_ENABLE_DEBUG_INFO = INCLUDE_SOURCE;
				MTL_FAST_MATH = YES;
				ONLY_ACTIVE_ARCH = YES;
				SDKROOT = iphoneos;
				SWIFT_ACTIVE_COMPILATION_CONDITIONS = DEBUG;
				SWIFT_OPTIMIZATION_LEVEL = "-Onone";
			};
			name = Debug;
		};
		5BA3AB56279A24E5002958CA /* Release */ = {
			isa = XCBuildConfiguration;
			buildSettings = {
				ALWAYS_SEARCH_USER_PATHS = NO;
				CLANG_ANALYZER_NONNULL = YES;
				CLANG_ANALYZER_NUMBER_OBJECT_CONVERSION = YES_AGGRESSIVE;
				CLANG_CXX_LANGUAGE_STANDARD = "gnu++17";
				CLANG_CXX_LIBRARY = "libc++";
				CLANG_ENABLE_MODULES = YES;
				CLANG_ENABLE_OBJC_ARC = YES;
				CLANG_ENABLE_OBJC_WEAK = YES;
				CLANG_WARN_BLOCK_CAPTURE_AUTORELEASING = YES;
				CLANG_WARN_BOOL_CONVERSION = YES;
				CLANG_WARN_COMMA = YES;
				CLANG_WARN_CONSTANT_CONVERSION = YES;
				CLANG_WARN_DEPRECATED_OBJC_IMPLEMENTATIONS = YES;
				CLANG_WARN_DIRECT_OBJC_ISA_USAGE = YES_ERROR;
				CLANG_WARN_DOCUMENTATION_COMMENTS = YES;
				CLANG_WARN_EMPTY_BODY = YES;
				CLANG_WARN_ENUM_CONVERSION = YES;
				CLANG_WARN_INFINITE_RECURSION = YES;
				CLANG_WARN_INT_CONVERSION = YES;
				CLANG_WARN_NON_LITERAL_NULL_CONVERSION = YES;
				CLANG_WARN_OBJC_IMPLICIT_RETAIN_SELF = YES;
				CLANG_WARN_OBJC_LITERAL_CONVERSION = YES;
				CLANG_WARN_OBJC_ROOT_CLASS = YES_ERROR;
				CLANG_WARN_QUOTED_INCLUDE_IN_FRAMEWORK_HEADER = YES;
				CLANG_WARN_RANGE_LOOP_ANALYSIS = YES;
				CLANG_WARN_STRICT_PROTOTYPES = YES;
				CLANG_WARN_SUSPICIOUS_MOVE = YES;
				CLANG_WARN_UNGUARDED_AVAILABILITY = YES_AGGRESSIVE;
				CLANG_WARN_UNREACHABLE_CODE = YES;
				CLANG_WARN__DUPLICATE_METHOD_MATCH = YES;
				COPY_PHASE_STRIP = NO;
				DEBUG_INFORMATION_FORMAT = "dwarf-with-dsym";
				ENABLE_NS_ASSERTIONS = NO;
				ENABLE_STRICT_OBJC_MSGSEND = YES;
				GCC_C_LANGUAGE_STANDARD = gnu11;
				GCC_NO_COMMON_BLOCKS = YES;
				GCC_WARN_64_TO_32_BIT_CONVERSION = YES;
				GCC_WARN_ABOUT_RETURN_TYPE = YES_ERROR;
				GCC_WARN_UNDECLARED_SELECTOR = YES;
				GCC_WARN_UNINITIALIZED_AUTOS = YES_AGGRESSIVE;
				GCC_WARN_UNUSED_FUNCTION = YES;
				GCC_WARN_UNUSED_VARIABLE = YES;
				IPHONEOS_DEPLOYMENT_TARGET = 15.2;
				MTL_ENABLE_DEBUG_INFO = NO;
				MTL_FAST_MATH = YES;
				SDKROOT = iphoneos;
				SWIFT_COMPILATION_MODE = wholemodule;
				SWIFT_OPTIMIZATION_LEVEL = "-O";
				VALIDATE_PRODUCT = YES;
			};
			name = Release;
		};
		5BA3AB58279A24E5002958CA /* Debug */ = {
			isa = XCBuildConfiguration;
			buildSettings = {
				ASSETCATALOG_COMPILER_APPICON_NAME = AppIcon;
				ASSETCATALOG_COMPILER_GLOBAL_ACCENT_COLOR_NAME = AccentColor;
				CODE_SIGN_STYLE = Automatic;
				CURRENT_PROJECT_VERSION = 1;
				DEVELOPMENT_TEAM = 7P4CZZ6W62;
				GENERATE_INFOPLIST_FILE = YES;
				INFOPLIST_FILE = majorProject_Invincibles_ios/Info.plist;
				INFOPLIST_KEY_UIApplicationSupportsIndirectInputEvents = YES;
				INFOPLIST_KEY_UILaunchStoryboardName = LaunchScreen;
				INFOPLIST_KEY_UIMainStoryboardFile = Main;
				INFOPLIST_KEY_UISupportedInterfaceOrientations_iPad = "UIInterfaceOrientationPortrait UIInterfaceOrientationPortraitUpsideDown UIInterfaceOrientationLandscapeLeft UIInterfaceOrientationLandscapeRight";
				INFOPLIST_KEY_UISupportedInterfaceOrientations_iPhone = "UIInterfaceOrientationPortrait UIInterfaceOrientationLandscapeLeft UIInterfaceOrientationLandscapeRight";
				LD_RUNPATH_SEARCH_PATHS = (
					"$(inherited)",
					"@executable_path/Frameworks",
				);
				MARKETING_VERSION = 1.0;
				PRODUCT_BUNDLE_IDENTIFIER = "pk.majorProject-Invincibles-ios";
				PRODUCT_NAME = "$(TARGET_NAME)";
				SWIFT_EMIT_LOC_STRINGS = YES;
				SWIFT_VERSION = 5.0;
				TARGETED_DEVICE_FAMILY = "1,2";
			};
			name = Debug;
		};
		5BA3AB59279A24E5002958CA /* Release */ = {
			isa = XCBuildConfiguration;
			buildSettings = {
				ASSETCATALOG_COMPILER_APPICON_NAME = AppIcon;
				ASSETCATALOG_COMPILER_GLOBAL_ACCENT_COLOR_NAME = AccentColor;
				CODE_SIGN_STYLE = Automatic;
				CURRENT_PROJECT_VERSION = 1;
				DEVELOPMENT_TEAM = 7P4CZZ6W62;
				GENERATE_INFOPLIST_FILE = YES;
				INFOPLIST_FILE = majorProject_Invincibles_ios/Info.plist;
				INFOPLIST_KEY_UIApplicationSupportsIndirectInputEvents = YES;
				INFOPLIST_KEY_UILaunchStoryboardName = LaunchScreen;
				INFOPLIST_KEY_UIMainStoryboardFile = Main;
				INFOPLIST_KEY_UISupportedInterfaceOrientations_iPad = "UIInterfaceOrientationPortrait UIInterfaceOrientationPortraitUpsideDown UIInterfaceOrientationLandscapeLeft UIInterfaceOrientationLandscapeRight";
				INFOPLIST_KEY_UISupportedInterfaceOrientations_iPhone = "UIInterfaceOrientationPortrait UIInterfaceOrientationLandscapeLeft UIInterfaceOrientationLandscapeRight";
				LD_RUNPATH_SEARCH_PATHS = (
					"$(inherited)",
					"@executable_path/Frameworks",
				);
				MARKETING_VERSION = 1.0;
				PRODUCT_BUNDLE_IDENTIFIER = "pk.majorProject-Invincibles-ios";
				PRODUCT_NAME = "$(TARGET_NAME)";
				SWIFT_EMIT_LOC_STRINGS = YES;
				SWIFT_VERSION = 5.0;
				TARGETED_DEVICE_FAMILY = "1,2";
			};
			name = Release;
		};
/* End XCBuildConfiguration section */

/* Begin XCConfigurationList section */
		5BA3AB3B279A24E5002958CA /* Build configuration list for PBXProject "majorProject_Invincibles_ios" */ = {
			isa = XCConfigurationList;
			buildConfigurations = (
				5BA3AB55279A24E5002958CA /* Debug */,
				5BA3AB56279A24E5002958CA /* Release */,
			);
			defaultConfigurationIsVisible = 0;
			defaultConfigurationName = Release;
		};
		5BA3AB57279A24E5002958CA /* Build configuration list for PBXNativeTarget "majorProject_Invincibles_ios" */ = {
			isa = XCConfigurationList;
			buildConfigurations = (
				5BA3AB58279A24E5002958CA /* Debug */,
				5BA3AB59279A24E5002958CA /* Release */,
			);
			defaultConfigurationIsVisible = 0;
			defaultConfigurationName = Release;
		};
/* End XCConfigurationList section */

/* Begin XCVersionGroup section */
		5B704D9C27A387C3005FD29A /* majorProject_Invincibles_ios.xcdatamodeld */ = {
			isa = XCVersionGroup;
			children = (
				5B704D9D27A387C3005FD29A /* majorProject_Invincibles_ios.xcdatamodel */,
			);
			currentVersion = 5B704D9D27A387C3005FD29A /* majorProject_Invincibles_ios.xcdatamodel */;
			name = majorProject_Invincibles_ios.xcdatamodeld;
			path = majorProject_Invincibles_ios/majorProject_Invincibles_ios.xcdatamodeld;
			sourceTree = "<group>";
			versionGroupType = wrapper.xcdatamodel;
		};
/* End XCVersionGroup section */
	};
	rootObject = 5BA3AB38279A24E5002958CA /* Project object */;
}
